
Microsoft Visual Studio Solution File, Format Version 12.00
# Visual Studio Version 18
VisualStudioVersion = 18.1.11312.151
MinimumVisualStudioVersion = 10.0.40219.1
Project("{FAE04EC0-301F-11D3-BF4B-00C04F79EFBC}") = "DemoDb", "DemoDb\DemoDb.csproj", "{087C0B3D-CA3C-43E6-A147-9E600096515E}"
EndProject
Project("{FAE04EC0-301F-11D3-BF4B-00C04F79EFBC}") = "CoreBlazor", "CoreBlazor\CoreBlazor.csproj", "{0BB08F94-A909-4F19-9210-38F77FC14378}"
EndProject
Project("{FAE04EC0-301F-11D3-BF4B-00C04F79EFBC}") = "CoreBlazorDemo", "CoreBlazorDemo\CoreBlazorDemo.csproj", "{665FEB13-68BB-47AF-BD80-0797F41C8945}"
EndProject
Project("{FAE04EC0-301F-11D3-BF4B-00C04F79EFBC}") = "CoreBlazor.Tests", "CoreBlazor.Tests\CoreBlazor.Tests.csproj", "{4E094B1F-6584-47F7-9B06-2B743A0B9821}"
EndProject
Project("{2150E333-8FDC-42A3-9474-1A3956D46DE8}") = "Solution Items", "Solution Items", "{8EC462FD-D22E-90A8-E5CE-7E832BA40C5D}"
	ProjectSection(SolutionItems) = preProject
		README.md = README.md
	EndProjectSection
EndProject
Global
	GlobalSection(SolutionConfigurationPlatforms) = preSolution
		Debug|Any CPU = Debug|Any CPU
		Release|Any CPU = Release|Any CPU
	EndGlobalSection
	GlobalSection(ProjectConfigurationPlatforms) = postSolution
		{087C0B3D-CA3C-43E6-A147-9E600096515E}.Debug|Any CPU.ActiveCfg = Debug|Any CPU
		{087C0B3D-CA3C-43E6-A147-9E600096515E}.Debug|Any CPU.Build.0 = Debug|Any CPU
		{087C0B3D-CA3C-43E6-A147-9E600096515E}.Release|Any CPU.ActiveCfg = Release|Any CPU
		{087C0B3D-CA3C-43E6-A147-9E600096515E}.Release|Any CPU.Build.0 = Release|Any CPU
		{0BB08F94-A909-4F19-9210-38F77FC14378}.Debug|Any CPU.ActiveCfg = Debug|Any CPU
		{0BB08F94-A909-4F19-9210-38F77FC14378}.Debug|Any CPU.Build.0 = Debug|Any CPU
		{0BB08F94-A909-4F19-9210-38F77FC14378}.Release|Any CPU.ActiveCfg = Release|Any CPU
		{0BB08F94-A909-4F19-9210-38F77FC14378}.Release|Any CPU.Build.0 = Release|Any CPU
		{665FEB13-68BB-47AF-BD80-0797F41C8945}.Debug|Any CPU.ActiveCfg = Debug|Any CPU
		{665FEB13-68BB-47AF-BD80-0797F41C8945}.Debug|Any CPU.Build.0 = Debug|Any CPU
		{665FEB13-68BB-47AF-BD80-0797F41C8945}.Release|Any CPU.ActiveCfg = Release|Any CPU
		{665FEB13-68BB-47AF-BD80-0797F41C8945}.Release|Any CPU.Build.0 = Release|Any CPU
		{4E094B1F-6584-47F7-9B06-2B743A0B9821}.Debug|Any CPU.ActiveCfg = Debug|Any CPU
		{4E094B1F-6584-47F7-9B06-2B743A0B9821}.Debug|Any CPU.Build.0 = Debug|Any CPU
		{4E094B1F-6584-47F7-9B06-2B743A0B9821}.Release|Any CPU.ActiveCfg = Release|Any CPU
		{4E094B1F-6584-47F7-9B06-2B743A0B9821}.Release|Any CPU.Build.0 = Release|Any CPU
	EndGlobalSection
	GlobalSection(SolutionProperties) = preSolution
		HideSolutionNode = FALSE
	EndGlobalSection
	GlobalSection(ExtensibilityGlobals) = postSolution
		SolutionGuid = {857249C6-12E4-481C-B028-25805649219B}
	EndGlobalSection
EndGlobal
